
Microsoft Visual Studio Solution File, Format Version 12.00
# Visual Studio 15
VisualStudioVersion = 15.0.26730.16
MinimumVisualStudioVersion = 10.0.40219.1
Project("{FAE04EC0-301F-11D3-BF4B-00C04F79EFBC}") = "KhaiBaoYTe", "KhaiBaoYTe\KhaiBaoYTe.csproj", "{6E2BD378-EFB4-4105-9078-AE41937B69B7}"
EndProject
Global
	GlobalSection(SolutionConfigurationPlatforms) = preSolution
		Debug|Any CPU = Debug|Any CPU
		Release|Any CPU = Release|Any CPU
	EndGlobalSection
	GlobalSection(ProjectConfigurationPlatforms) = postSolution
		{6E2BD378-EFB4-4105-9078-AE41937B69B7}.Debug|Any CPU.ActiveCfg = Debug|Any CPU
		{6E2BD378-EFB4-4105-9078-AE41937B69B7}.Debug|Any CPU.Build.0 = Debug|Any CPU
		{6E2BD378-EFB4-4105-9078-AE41937B69B7}.Release|Any CPU.ActiveCfg = Release|Any CPU
		{6E2BD378-EFB4-4105-9078-AE41937B69B7}.Release|Any CPU.Build.0 = Release|Any CPU
	EndGlobalSection
	GlobalSection(SolutionProperties) = preSolution
		HideSolutionNode = FALSE
	EndGlobalSection
	GlobalSection(ExtensibilityGlobals) = postSolution
		SolutionGuid = {84682DE2-9703-42A2-86C8-07B07FF81C4D}
	EndGlobalSection
EndGlobal
